
Microsoft Visual Studio Solution File, Format Version 12.00
# Visual Studio Version 17
VisualStudioVersion = 17.8.34330.188
MinimumVisualStudioVersion = 10.0.40219.1
Project("{2150E333-8FDC-42A3-9474-1A3956D46DE8}") = "src", "src", "{87E5EC0F-8560-469B-8E5E-01B9C68332CC}"
EndProject
Project("{2150E333-8FDC-42A3-9474-1A3956D46DE8}") = "ApiGateway", "ApiGateway", "{9BADEA7B-459B-4879-955F-87A2CFE6DB3A}"
EndProject
Project("{2150E333-8FDC-42A3-9474-1A3956D46DE8}") = "Services", "Services", "{D47E124D-35BC-4A79-A5D7-2504B52E737E}"
EndProject
Project("{9A19103F-16F7-4668-BE54-9A1E7A4F7556}") = "AL.ApiGateway", "src\ApiGateway\AL.ApiGateway\AL.ApiGateway.csproj", "{CCFC8C12-CB42-459F-A425-A93213E71579}"
EndProject
Project("{2150E333-8FDC-42A3-9474-1A3956D46DE8}") = "ArticleService", "ArticleService", "{D4AFFAED-F07F-4860-AA17-D8158DA7F557}"
EndProject
Project("{2150E333-8FDC-42A3-9474-1A3956D46DE8}") = "IdentityService", "IdentityService", "{2BE67B09-F297-480D-BBED-D06FF3170949}"
EndProject
Project("{9A19103F-16F7-4668-BE54-9A1E7A4F7556}") = "ArticleService.API", "src\Services\ArticleService\ArticleService.API\ArticleService.API.csproj", "{3DA1A6F3-4619-445D-A3BD-FA873A7461ED}"
EndProject
Project("{9A19103F-16F7-4668-BE54-9A1E7A4F7556}") = "IdentityService.API", "src\IdentityService\IdentityService.API\IdentityService.API.csproj", "{56996C75-4117-49ED-A8B8-537E0E4A07F4}"
EndProject
Project("{9A19103F-16F7-4668-BE54-9A1E7A4F7556}") = "ArticleService.Domain", "src\Services\ArticleService\ArticleService.Domain\ArticleService.Domain.csproj", "{FEB73FAC-FC43-4EAB-B249-7D9B35975EC9}"
EndProject
Project("{9A19103F-16F7-4668-BE54-9A1E7A4F7556}") = "ArticleService.Application", "src\Services\ArticleService\ArticleService.Application\ArticleService.Application.csproj", "{FEF6A6DB-EF83-4961-A9D5-54BB7913D135}"
EndProject
Project("{9A19103F-16F7-4668-BE54-9A1E7A4F7556}") = "ArticleService.Infrastructure", "src\Services\ArticleService\ArticleService.Infrastructure\ArticleService.Infrastructure.csproj", "{4F6EF683-7ABE-48B9-ADA8-6030E6F4CE38}"
EndProject
Project("{2150E333-8FDC-42A3-9474-1A3956D46DE8}") = "AuthorService", "AuthorService", "{A0F7EFE5-C65E-4BCF-9366-70D6BE072D84}"
EndProject
Project("{9A19103F-16F7-4668-BE54-9A1E7A4F7556}") = "AuthorService.API", "src\AuthorService\AuthorService.API\AuthorService.API.csproj", "{F4EE7876-135B-426F-B6BF-268B7A2661D7}"
EndProject
Project("{2150E333-8FDC-42A3-9474-1A3956D46DE8}") = "Clients", "Clients", "{D8644883-4EC3-4840-BDE5-AFD2902B1AB2}"
EndProject
Project("{2150E333-8FDC-42A3-9474-1A3956D46DE8}") = "WebApps", "WebApps", "{C8322538-BD4D-4A5B-A1B4-FD547801A54C}"
EndProject
Project("{9A19103F-16F7-4668-BE54-9A1E7A4F7556}") = "ArticleLibrary.Web", "src\Clients\WebApps\ArticleLibrary.Web\ArticleLibrary.Web.csproj", "{E3A8BABC-EE46-4F8B-82C6-B40C834479BC}"
EndProject
Global
	GlobalSection(SolutionConfigurationPlatforms) = preSolution
		Debug|Any CPU = Debug|Any CPU
		Release|Any CPU = Release|Any CPU
	EndGlobalSection
	GlobalSection(ProjectConfigurationPlatforms) = postSolution
		{CCFC8C12-CB42-459F-A425-A93213E71579}.Debug|Any CPU.ActiveCfg = Debug|Any CPU
		{CCFC8C12-CB42-459F-A425-A93213E71579}.Debug|Any CPU.Build.0 = Debug|Any CPU
		{CCFC8C12-CB42-459F-A425-A93213E71579}.Release|Any CPU.ActiveCfg = Release|Any CPU
		{CCFC8C12-CB42-459F-A425-A93213E71579}.Release|Any CPU.Build.0 = Release|Any CPU
		{3DA1A6F3-4619-445D-A3BD-FA873A7461ED}.Debug|Any CPU.ActiveCfg = Debug|Any CPU
		{3DA1A6F3-4619-445D-A3BD-FA873A7461ED}.Debug|Any CPU.Build.0 = Debug|Any CPU
		{3DA1A6F3-4619-445D-A3BD-FA873A7461ED}.Release|Any CPU.ActiveCfg = Release|Any CPU
		{3DA1A6F3-4619-445D-A3BD-FA873A7461ED}.Release|Any CPU.Build.0 = Release|Any CPU
		{56996C75-4117-49ED-A8B8-537E0E4A07F4}.Debug|Any CPU.ActiveCfg = Debug|Any CPU
		{56996C75-4117-49ED-A8B8-537E0E4A07F4}.Debug|Any CPU.Build.0 = Debug|Any CPU
		{56996C75-4117-49ED-A8B8-537E0E4A07F4}.Release|Any CPU.ActiveCfg = Release|Any CPU
		{56996C75-4117-49ED-A8B8-537E0E4A07F4}.Release|Any CPU.Build.0 = Release|Any CPU
		{FEB73FAC-FC43-4EAB-B249-7D9B35975EC9}.Debug|Any CPU.ActiveCfg = Debug|Any CPU
		{FEB73FAC-FC43-4EAB-B249-7D9B35975EC9}.Debug|Any CPU.Build.0 = Debug|Any CPU
		{FEB73FAC-FC43-4EAB-B249-7D9B35975EC9}.Release|Any CPU.ActiveCfg = Release|Any CPU
		{FEB73FAC-FC43-4EAB-B249-7D9B35975EC9}.Release|Any CPU.Build.0 = Release|Any CPU
		{FEF6A6DB-EF83-4961-A9D5-54BB7913D135}.Debug|Any CPU.ActiveCfg = Debug|Any CPU
		{FEF6A6DB-EF83-4961-A9D5-54BB7913D135}.Debug|Any CPU.Build.0 = Debug|Any CPU
		{FEF6A6DB-EF83-4961-A9D5-54BB7913D135}.Release|Any CPU.ActiveCfg = Release|Any CPU
		{FEF6A6DB-EF83-4961-A9D5-54BB7913D135}.Release|Any CPU.Build.0 = Release|Any CPU
		{4F6EF683-7ABE-48B9-ADA8-6030E6F4CE38}.Debug|Any CPU.ActiveCfg = Debug|Any CPU
		{4F6EF683-7ABE-48B9-ADA8-6030E6F4CE38}.Debug|Any CPU.Build.0 = Debug|Any CPU
		{4F6EF683-7ABE-48B9-ADA8-6030E6F4CE38}.Release|Any CPU.ActiveCfg = Release|Any CPU
		{4F6EF683-7ABE-48B9-ADA8-6030E6F4CE38}.Release|Any CPU.Build.0 = Release|Any CPU
		{F4EE7876-135B-426F-B6BF-268B7A2661D7}.Debug|Any CPU.ActiveCfg = Debug|Any CPU
		{F4EE7876-135B-426F-B6BF-268B7A2661D7}.Debug|Any CPU.Build.0 = Debug|Any CPU
		{F4EE7876-135B-426F-B6BF-268B7A2661D7}.Release|Any CPU.ActiveCfg = Release|Any CPU
		{F4EE7876-135B-426F-B6BF-268B7A2661D7}.Release|Any CPU.Build.0 = Release|Any CPU
		{E3A8BABC-EE46-4F8B-82C6-B40C834479BC}.Debug|Any CPU.ActiveCfg = Debug|Any CPU
		{E3A8BABC-EE46-4F8B-82C6-B40C834479BC}.Debug|Any CPU.Build.0 = Debug|Any CPU
		{E3A8BABC-EE46-4F8B-82C6-B40C834479BC}.Release|Any CPU.ActiveCfg = Release|Any CPU
		{E3A8BABC-EE46-4F8B-82C6-B40C834479BC}.Release|Any CPU.Build.0 = Release|Any CPU
	EndGlobalSection
	GlobalSection(SolutionProperties) = preSolution
		HideSolutionNode = FALSE
	EndGlobalSection
	GlobalSection(NestedProjects) = preSolution
		{9BADEA7B-459B-4879-955F-87A2CFE6DB3A} = {87E5EC0F-8560-469B-8E5E-01B9C68332CC}
		{D47E124D-35BC-4A79-A5D7-2504B52E737E} = {87E5EC0F-8560-469B-8E5E-01B9C68332CC}
		{CCFC8C12-CB42-459F-A425-A93213E71579} = {9BADEA7B-459B-4879-955F-87A2CFE6DB3A}
		{D4AFFAED-F07F-4860-AA17-D8158DA7F557} = {D47E124D-35BC-4A79-A5D7-2504B52E737E}
		{2BE67B09-F297-480D-BBED-D06FF3170949} = {D47E124D-35BC-4A79-A5D7-2504B52E737E}
		{3DA1A6F3-4619-445D-A3BD-FA873A7461ED} = {D4AFFAED-F07F-4860-AA17-D8158DA7F557}
		{56996C75-4117-49ED-A8B8-537E0E4A07F4} = {2BE67B09-F297-480D-BBED-D06FF3170949}
		{FEB73FAC-FC43-4EAB-B249-7D9B35975EC9} = {D4AFFAED-F07F-4860-AA17-D8158DA7F557}
		{FEF6A6DB-EF83-4961-A9D5-54BB7913D135} = {D4AFFAED-F07F-4860-AA17-D8158DA7F557}
		{4F6EF683-7ABE-48B9-ADA8-6030E6F4CE38} = {D4AFFAED-F07F-4860-AA17-D8158DA7F557}
		{A0F7EFE5-C65E-4BCF-9366-70D6BE072D84} = {D47E124D-35BC-4A79-A5D7-2504B52E737E}
		{F4EE7876-135B-426F-B6BF-268B7A2661D7} = {A0F7EFE5-C65E-4BCF-9366-70D6BE072D84}
		{D8644883-4EC3-4840-BDE5-AFD2902B1AB2} = {87E5EC0F-8560-469B-8E5E-01B9C68332CC}
		{C8322538-BD4D-4A5B-A1B4-FD547801A54C} = {D8644883-4EC3-4840-BDE5-AFD2902B1AB2}
		{E3A8BABC-EE46-4F8B-82C6-B40C834479BC} = {C8322538-BD4D-4A5B-A1B4-FD547801A54C}
	EndGlobalSection
	GlobalSection(ExtensibilityGlobals) = postSolution
		SolutionGuid = {23981A7F-2854-4B3E-B1E5-711CF0F274D1}
	EndGlobalSection
EndGlobal
